
Microsoft Visual Studio Solution File, Format Version 11.00
# Visual Studio 2010
Project("{FAE04EC0-301F-11D3-BF4B-00C04F79EFBC}") = "EscapeTheCube", "Assembly-CSharp.csproj", "{E07B6BF6-7CB8-314A-1B28-18F9D20E2442}"
EndProject
Project("{FAE04EC0-301F-11D3-BF4B-00C04F79EFBC}") = "EscapeTheCube", "Assembly-CSharp-Editor.csproj", "{C8FC7D10-1CCF-A2AA-4782-FE2DB1250EDC}"
EndProject
Global
	GlobalSection(SolutionConfigurationPlatforms) = preSolution
		Debug|Any CPU = Debug|Any CPU
		Release|Any CPU = Release|Any CPU
	EndGlobalSection
	GlobalSection(ProjectConfigurationPlatforms) = postSolution
		{E07B6BF6-7CB8-314A-1B28-18F9D20E2442}.Debug|Any CPU.ActiveCfg = Debug|Any CPU
		{E07B6BF6-7CB8-314A-1B28-18F9D20E2442}.Debug|Any CPU.Build.0 = Debug|Any CPU
		{E07B6BF6-7CB8-314A-1B28-18F9D20E2442}.Release|Any CPU.ActiveCfg = Release|Any CPU
		{E07B6BF6-7CB8-314A-1B28-18F9D20E2442}.Release|Any CPU.Build.0 = Release|Any CPU
		{C8FC7D10-1CCF-A2AA-4782-FE2DB1250EDC}.Debug|Any CPU.ActiveCfg = Debug|Any CPU
		{C8FC7D10-1CCF-A2AA-4782-FE2DB1250EDC}.Debug|Any CPU.Build.0 = Debug|Any CPU
		{C8FC7D10-1CCF-A2AA-4782-FE2DB1250EDC}.Release|Any CPU.ActiveCfg = Release|Any CPU
		{C8FC7D10-1CCF-A2AA-4782-FE2DB1250EDC}.Release|Any CPU.Build.0 = Release|Any CPU
	EndGlobalSection
	GlobalSection(SolutionProperties) = preSolution
		HideSolutionNode = FALSE
	EndGlobalSection
	GlobalSection(MonoDevelopProperties) = preSolution
		StartupItem = Assembly-CSharp.csproj
	EndGlobalSection
EndGlobal
