
Microsoft Visual Studio Solution File, Format Version 11.00
# Visual Studio 2010
Project("{FAE04EC0-301F-11D3-BF4B-00C04F79EFBC}") = "EscapeTheCube_1-5-17_v1", "Assembly-CSharp.csproj", "{B8194131-FA49-736E-1CDB-59D1C3F4F2CA}"
EndProject
Project("{FAE04EC0-301F-11D3-BF4B-00C04F79EFBC}") = "EscapeTheCube_1-5-17_v1", "Assembly-CSharp-Editor.csproj", "{8BC58732-BA24-D615-C681-0BE751894558}"
EndProject
Global
	GlobalSection(SolutionConfigurationPlatforms) = preSolution
		Debug|Any CPU = Debug|Any CPU
		Release|Any CPU = Release|Any CPU
	EndGlobalSection
	GlobalSection(ProjectConfigurationPlatforms) = postSolution
		{B8194131-FA49-736E-1CDB-59D1C3F4F2CA}.Debug|Any CPU.ActiveCfg = Debug|Any CPU
		{B8194131-FA49-736E-1CDB-59D1C3F4F2CA}.Debug|Any CPU.Build.0 = Debug|Any CPU
		{B8194131-FA49-736E-1CDB-59D1C3F4F2CA}.Release|Any CPU.ActiveCfg = Release|Any CPU
		{B8194131-FA49-736E-1CDB-59D1C3F4F2CA}.Release|Any CPU.Build.0 = Release|Any CPU
		{8BC58732-BA24-D615-C681-0BE751894558}.Debug|Any CPU.ActiveCfg = Debug|Any CPU
		{8BC58732-BA24-D615-C681-0BE751894558}.Debug|Any CPU.Build.0 = Debug|Any CPU
		{8BC58732-BA24-D615-C681-0BE751894558}.Release|Any CPU.ActiveCfg = Release|Any CPU
		{8BC58732-BA24-D615-C681-0BE751894558}.Release|Any CPU.Build.0 = Release|Any CPU
	EndGlobalSection
	GlobalSection(SolutionProperties) = preSolution
		HideSolutionNode = FALSE
	EndGlobalSection
	GlobalSection(MonoDevelopProperties) = preSolution
		StartupItem = Assembly-CSharp.csproj
	EndGlobalSection
EndGlobal
